
Microsoft Visual Studio Solution File, Format Version 12.00
# Visual Studio 15
VisualStudioVersion = 15.0.26228.4
MinimumVisualStudioVersion = 10.0.40219.1
Project("{FAE04EC0-301F-11D3-BF4B-00C04F79EFBC}") = "WebTools", "WebTools\WebTools.csproj", "{64FC7025-2020-4085-932A-FECBA6EB6807}"
EndProject
Project("{2150E333-8FDC-42A3-9474-1A3956D46DE8}") = "Solution Items", "Solution Items", "{577FC71F-0115-450C-97B3-D399034A3EFA}"
	ProjectSection(SolutionItems) = preProject
		README.md = README.md
	EndProjectSection
EndProject
Global
	GlobalSection(SolutionConfigurationPlatforms) = preSolution
		Debug|Any CPU = Debug|Any CPU
		Release|Any CPU = Release|Any CPU
	EndGlobalSection
	GlobalSection(ProjectConfigurationPlatforms) = postSolution
		{64FC7025-2020-4085-932A-FECBA6EB6807}.Debug|Any CPU.ActiveCfg = Debug|Any CPU
		{64FC7025-2020-4085-932A-FECBA6EB6807}.Debug|Any CPU.Build.0 = Debug|Any CPU
		{64FC7025-2020-4085-932A-FECBA6EB6807}.Release|Any CPU.ActiveCfg = Release|Any CPU
		{64FC7025-2020-4085-932A-FECBA6EB6807}.Release|Any CPU.Build.0 = Release|Any CPU
	EndGlobalSection
	GlobalSection(SolutionProperties) = preSolution
		HideSolutionNode = FALSE
	EndGlobalSection
EndGlobal
